// !$*UTF8*$!
{
	archiveVersion = 1;
	classes = {
	};
	objectVersion = 50;
	objects = {

/* Begin PBXBuildFile section */
		9A0BD47A242897EB0099B66A /* MapViewController.swift in Sources */ = {isa = PBXBuildFile; fileRef = 9A0BD479242897EB0099B66A /* MapViewController.swift */; };
		9A0BD47C2428A3B90099B66A /* WebViewController.swift in Sources */ = {isa = PBXBuildFile; fileRef = 9A0BD47B2428A3B90099B66A /* WebViewController.swift */; };
		9A0BD47F2428ACF80099B66A /* CoreLocation.framework in Frameworks */ = {isa = PBXBuildFile; fileRef = 9A0BD47E2428ACF80099B66A /* CoreLocation.framework */; };
		9AD0BD592410292D007CF231 /* AppDelegate.swift in Sources */ = {isa = PBXBuildFile; fileRef = 9AD0BD582410292D007CF231 /* AppDelegate.swift */; };
		9AD0BD5B2410292D007CF231 /* SceneDelegate.swift in Sources */ = {isa = PBXBuildFile; fileRef = 9AD0BD5A2410292D007CF231 /* SceneDelegate.swift */; };
		9AD0BD602410292D007CF231 /* Main.storyboard in Resources */ = {isa = PBXBuildFile; fileRef = 9AD0BD5E2410292D007CF231 /* Main.storyboard */; };
		9AD0BD6224102933007CF231 /* Assets.xcassets in Resources */ = {isa = PBXBuildFile; fileRef = 9AD0BD6124102933007CF231 /* Assets.xcassets */; };
		9AD0BD6524102933007CF231 /* LaunchScreen.storyboard in Resources */ = {isa = PBXBuildFile; fileRef = 9AD0BD6324102933007CF231 /* LaunchScreen.storyboard */; };
		9AD0BD7024102933007CF231 /* WorldTrotterTests.swift in Sources */ = {isa = PBXBuildFile; fileRef = 9AD0BD6F24102933007CF231 /* WorldTrotterTests.swift */; };
		9AD0BD7B24102933007CF231 /* WorldTrotterUITests.swift in Sources */ = {isa = PBXBuildFile; fileRef = 9AD0BD7A24102933007CF231 /* WorldTrotterUITests.swift */; };
		9AD0BD8924102D1A007CF231 /* ConversionViewController.swift in Sources */ = {isa = PBXBuildFile; fileRef = 9AD0BD8824102D1A007CF231 /* ConversionViewController.swift */; };
/* End PBXBuildFile section */

/* Begin PBXContainerItemProxy section */
		9AD0BD6C24102933007CF231 /* PBXContainerItemProxy */ = {
			isa = PBXContainerItemProxy;
			containerPortal = 9AD0BD4D2410292D007CF231 /* Project object */;
			proxyType = 1;
			remoteGlobalIDString = 9AD0BD542410292D007CF231;
			remoteInfo = WorldTrotter;
		};
		9AD0BD7724102933007CF231 /* PBXContainerItemProxy */ = {
			isa = PBXContainerItemProxy;
			containerPortal = 9AD0BD4D2410292D007CF231 /* Project object */;
			proxyType = 1;
			remoteGlobalIDString = 9AD0BD542410292D007CF231;
			remoteInfo = WorldTrotter;
		};
/* End PBXContainerItemProxy section */

/* Begin PBXFileReference section */
		9A0BD479242897EB0099B66A /* MapViewController.swift */ = {isa = PBXFileReference; lastKnownFileType = sourcecode.swift; path = MapViewController.swift; sourceTree = "<group>"; };
		9A0BD47B2428A3B90099B66A /* WebViewController.swift */ = {isa = PBXFileReference; lastKnownFileType = sourcecode.swift; path = WebViewController.swift; sourceTree = "<group>"; };
		9A0BD47E2428ACF80099B66A /* CoreLocation.framework */ = {isa = PBXFileReference; lastKnownFileType = wrapper.framework; name = CoreLocation.framework; path = System/Library/Frameworks/CoreLocation.framework; sourceTree = SDKROOT; };
		9AD0BD552410292D007CF231 /* WorldTrotter.app */ = {isa = PBXFileReference; explicitFileType = wrapper.application; includeInIndex = 0; path = WorldTrotter.app; sourceTree = BUILT_PRODUCTS_DIR; };
		9AD0BD582410292D007CF231 /* AppDelegate.swift */ = {isa = PBXFileReference; lastKnownFileType = sourcecode.swift; path = AppDelegate.swift; sourceTree = "<group>"; };
		9AD0BD5A2410292D007CF231 /* SceneDelegate.swift */ = {isa = PBXFileReference; lastKnownFileType = sourcecode.swift; path = SceneDelegate.swift; sourceTree = "<group>"; };
		9AD0BD5F2410292D007CF231 /* Base */ = {isa = PBXFileReference; lastKnownFileType = file.storyboard; name = Base; path = Base.lproj/Main.storyboard; sourceTree = "<group>"; };
		9AD0BD6124102933007CF231 /* Assets.xcassets */ = {isa = PBXFileReference; lastKnownFileType = folder.assetcatalog; path = Assets.xcassets; sourceTree = "<group>"; };
		9AD0BD6424102933007CF231 /* Base */ = {isa = PBXFileReference; lastKnownFileType = file.storyboard; name = Base; path = Base.lproj/LaunchScreen.storyboard; sourceTree = "<group>"; };
		9AD0BD6624102933007CF231 /* Info.plist */ = {isa = PBXFileReference; lastKnownFileType = text.plist.xml; path = Info.plist; sourceTree = "<group>"; };
		9AD0BD6B24102933007CF231 /* WorldTrotterTests.xctest */ = {isa = PBXFileReference; explicitFileType = wrapper.cfbundle; includeInIndex = 0; path = WorldTrotterTests.xctest; sourceTree = BUILT_PRODUCTS_DIR; };
		9AD0BD6F24102933007CF231 /* WorldTrotterTests.swift */ = {isa = PBXFileReference; lastKnownFileType = sourcecode.swift; path = WorldTrotterTests.swift; sourceTree = "<group>"; };
		9AD0BD7124102933007CF231 /* Info.plist */ = {isa = PBXFileReference; lastKnownFileType = text.plist.xml; path = Info.plist; sourceTree = "<group>"; };
		9AD0BD7624102933007CF231 /* WorldTrotterUITests.xctest */ = {isa = PBXFileReference; explicitFileType = wrapper.cfbundle; includeInIndex = 0; path = WorldTrotterUITests.xctest; sourceTree = BUILT_PRODUCTS_DIR; };
		9AD0BD7A24102933007CF231 /* WorldTrotterUITests.swift */ = {isa = PBXFileReference; lastKnownFileType = sourcecode.swift; path = WorldTrotterUITests.swift; sourceTree = "<group>"; };
		9AD0BD7C24102933007CF231 /* Info.plist */ = {isa = PBXFileReference; lastKnownFileType = text.plist.xml; path = Info.plist; sourceTree = "<group>"; };
		9AD0BD8824102D1A007CF231 /* ConversionViewController.swift */ = {isa = PBXFileReference; lastKnownFileType = sourcecode.swift; path = ConversionViewController.swift; sourceTree = "<group>"; };
/* End PBXFileReference section */

/* Begin PBXFrameworksBuildPhase section */
		9AD0BD522410292D007CF231 /* Frameworks */ = {
			isa = PBXFrameworksBuildPhase;
			buildActionMask = 2147483647;
			files = (
				9A0BD47F2428ACF80099B66A /* CoreLocation.framework in Frameworks */,
			);
			runOnlyForDeploymentPostprocessing = 0;
		};
		9AD0BD6824102933007CF231 /* Frameworks */ = {
			isa = PBXFrameworksBuildPhase;
			buildActionMask = 2147483647;
			files = (
			);
			runOnlyForDeploymentPostprocessing = 0;
		};
		9AD0BD7324102933007CF231 /* Frameworks */ = {
			isa = PBXFrameworksBuildPhase;
			buildActionMask = 2147483647;
			files = (
			);
			runOnlyForDeploymentPostprocessing = 0;
		};
/* End PBXFrameworksBuildPhase section */

/* Begin PBXGroup section */
		9A0BD47D2428ACF80099B66A /* Frameworks */ = {
			isa = PBXGroup;
			children = (
				9A0BD47E2428ACF80099B66A /* CoreLocation.framework */,
			);
			name = Frameworks;
			sourceTree = "<group>";
		};
		9AD0BD4C2410292D007CF231 = {
			isa = PBXGroup;
			children = (
				9AD0BD572410292D007CF231 /* WorldTrotter */,
				9AD0BD6E24102933007CF231 /* WorldTrotterTests */,
				9AD0BD7924102933007CF231 /* WorldTrotterUITests */,
				9AD0BD562410292D007CF231 /* Products */,
				9A0BD47D2428ACF80099B66A /* Frameworks */,
			);
			sourceTree = "<group>";
		};
		9AD0BD562410292D007CF231 /* Products */ = {
			isa = PBXGroup;
			children = (
				9AD0BD552410292D007CF231 /* WorldTrotter.app */,
				9AD0BD6B24102933007CF231 /* WorldTrotterTests.xctest */,
				9AD0BD7624102933007CF231 /* WorldTrotterUITests.xctest */,
			);
			name = Products;
			sourceTree = "<group>";
		};
		9AD0BD572410292D007CF231 /* WorldTrotter */ = {
			isa = PBXGroup;
			children = (
				9AD0BD582410292D007CF231 /* AppDelegate.swift */,
				9AD0BD5A2410292D007CF231 /* SceneDelegate.swift */,
				9AD0BD8824102D1A007CF231 /* ConversionViewController.swift */,
				9A0BD479242897EB0099B66A /* MapViewController.swift */,
				9A0BD47B2428A3B90099B66A /* WebViewController.swift */,
				9AD0BD5E2410292D007CF231 /* Main.storyboard */,
				9AD0BD6124102933007CF231 /* Assets.xcassets */,
				9AD0BD6324102933007CF231 /* LaunchScreen.storyboard */,
				9AD0BD6624102933007CF231 /* Info.plist */,
			);
			path = WorldTrotter;
			sourceTree = "<group>";
		};
		9AD0BD6E24102933007CF231 /* WorldTrotterTests */ = {
			isa = PBXGroup;
			children = (
				9AD0BD6F24102933007CF231 /* WorldTrotterTests.swift */,
				9AD0BD7124102933007CF231 /* Info.plist */,
			);
			path = WorldTrotterTests;
			sourceTree = "<group>";
		};
		9AD0BD7924102933007CF231 /* WorldTrotterUITests */ = {
			isa = PBXGroup;
			children = (
				9AD0BD7A24102933007CF231 /* WorldTrotterUITests.swift */,
				9AD0BD7C24102933007CF231 /* Info.plist */,
			);
			path = WorldTrotterUITests;
			sourceTree = "<group>";
		};
/* End PBXGroup section */

/* Begin PBXNativeTarget section */
		9AD0BD542410292D007CF231 /* WorldTrotter */ = {
			isa = PBXNativeTarget;
			buildConfigurationList = 9AD0BD7F24102933007CF231 /* Build configuration list for PBXNativeTarget "WorldTrotter" */;
			buildPhases = (
				9AD0BD512410292D007CF231 /* Sources */,
				9AD0BD522410292D007CF231 /* Frameworks */,
				9AD0BD532410292D007CF231 /* Resources */,
			);
			buildRules = (
			);
			dependencies = (
			);
			name = WorldTrotter;
			productName = WorldTrotter;
			productReference = 9AD0BD552410292D007CF231 /* WorldTrotter.app */;
			productType = "com.apple.product-type.application";
		};
		9AD0BD6A24102933007CF231 /* WorldTrotterTests */ = {
			isa = PBXNativeTarget;
			buildConfigurationList = 9AD0BD8224102933007CF231 /* Build configuration list for PBXNativeTarget "WorldTrotterTests" */;
			buildPhases = (
				9AD0BD6724102933007CF231 /* Sources */,
				9AD0BD6824102933007CF231 /* Frameworks */,
				9AD0BD6924102933007CF231 /* Resources */,
			);
			buildRules = (
			);
			dependencies = (
				9AD0BD6D24102933007CF231 /* PBXTargetDependency */,
			);
			name = WorldTrotterTests;
			productName = WorldTrotterTests;
			productReference = 9AD0BD6B24102933007CF231 /* WorldTrotterTests.xctest */;
			productType = "com.apple.product-type.bundle.unit-test";
		};
		9AD0BD7524102933007CF231 /* WorldTrotterUITests */ = {
			isa = PBXNativeTarget;
			buildConfigurationList = 9AD0BD8524102933007CF231 /* Build configuration list for PBXNativeTarget "WorldTrotterUITests" */;
			buildPhases = (
				9AD0BD7224102933007CF231 /* Sources */,
				9AD0BD7324102933007CF231 /* Frameworks */,
				9AD0BD7424102933007CF231 /* Resources */,
			);
			buildRules = (
			);
			dependencies = (
				9AD0BD7824102933007CF231 /* PBXTargetDependency */,
			);
			name = WorldTrotterUITests;
			productName = WorldTrotterUITests;
			productReference = 9AD0BD7624102933007CF231 /* WorldTrotterUITests.xctest */;
			productType = "com.apple.product-type.bundle.ui-testing";
		};
/* End PBXNativeTarget section */

/* Begin PBXProject section */
		9AD0BD4D2410292D007CF231 /* Project object */ = {
			isa = PBXProject;
			attributes = {
				LastSwiftUpdateCheck = 1130;
				LastUpgradeCheck = 1130;
				ORGANIZATIONNAME = "Joachim Goennheimer";
				TargetAttributes = {
					9AD0BD542410292D007CF231 = {
						CreatedOnToolsVersion = 11.3.1;
					};
					9AD0BD6A24102933007CF231 = {
						CreatedOnToolsVersion = 11.3.1;
						TestTargetID = 9AD0BD542410292D007CF231;
					};
					9AD0BD7524102933007CF231 = {
						CreatedOnToolsVersion = 11.3.1;
						TestTargetID = 9AD0BD542410292D007CF231;
					};
				};
			};
			buildConfigurationList = 9AD0BD502410292D007CF231 /* Build configuration list for PBXProject "WorldTrotter" */;
			compatibilityVersion = "Xcode 9.3";
			developmentRegion = en;
			hasScannedForEncodings = 0;
			knownRegions = (
				en,
				Base,
			);
			mainGroup = 9AD0BD4C2410292D007CF231;
			productRefGroup = 9AD0BD562410292D007CF231 /* Products */;
			projectDirPath = "";
			projectRoot = "";
			targets = (
				9AD0BD542410292D007CF231 /* WorldTrotter */,
				9AD0BD6A24102933007CF231 /* WorldTrotterTests */,
				9AD0BD7524102933007CF231 /* WorldTrotterUITests */,
			);
		};
/* End PBXProject section */

/* Begin PBXResourcesBuildPhase section */
		9AD0BD532410292D007CF231 /* Resources */ = {
			isa = PBXResourcesBuildPhase;
			buildActionMask = 2147483647;
			files = (
				9AD0BD6524102933007CF231 /* LaunchScreen.storyboard in Resources */,
				9AD0BD6224102933007CF231 /* Assets.xcassets in Resources */,
				9AD0BD602410292D007CF231 /* Main.storyboard in Resources */,
			);
			runOnlyForDeploymentPostprocessing = 0;
		};
		9AD0BD6924102933007CF231 /* Resources */ = {
			isa = PBXResourcesBuildPhase;
			buildActionMask = 2147483647;
			files = (
			);
			runOnlyForDeploymentPostprocessing = 0;
		};
		9AD0BD7424102933007CF231 /* Resources */ = {
			isa = PBXResourcesBuildPhase;
			buildActionMask = 2147483647;
			files = (
			);
			runOnlyForDeploymentPostprocessing = 0;
		};
/* End PBXResourcesBuildPhase section */

/* Begin PBXSourcesBuildPhase section */
		9AD0BD512410292D007CF231 /* Sources */ = {
			isa = PBXSourcesBuildPhase;
			buildActionMask = 2147483647;
			files = (
				9A0BD47C2428A3B90099B66A /* WebViewController.swift in Sources */,
				9AD0BD592410292D007CF231 /* AppDelegate.swift in Sources */,
				9AD0BD8924102D1A007CF231 /* ConversionViewController.swift in Sources */,
				9AD0BD5B2410292D007CF231 /* SceneDelegate.swift in Sources */,
				9A0BD47A242897EB0099B66A /* MapViewController.swift in Sources */,
			);
			runOnlyForDeploymentPostprocessing = 0;
		};
		9AD0BD6724102933007CF231 /* Sources */ = {
			isa = PBXSourcesBuildPhase;
			buildActionMask = 2147483647;
			files = (
				9AD0BD7024102933007CF231 /* WorldTrotterTests.swift in Sources */,
			);
			runOnlyForDeploymentPostprocessing = 0;
		};
		9AD0BD7224102933007CF231 /* Sources */ = {
			isa = PBXSourcesBuildPhase;
			buildActionMask = 2147483647;
			files = (
				9AD0BD7B24102933007CF231 /* WorldTrotterUITests.swift in Sources */,
			);
			runOnlyForDeploymentPostprocessing = 0;
		};
/* End PBXSourcesBuildPhase section */

/* Begin PBXTargetDependency section */
		9AD0BD6D24102933007CF231 /* PBXTargetDependency */ = {
			isa = PBXTargetDependency;
			target = 9AD0BD542410292D007CF231 /* WorldTrotter */;
			targetProxy = 9AD0BD6C24102933007CF231 /* PBXContainerItemProxy */;
		};
		9AD0BD7824102933007CF231 /* PBXTargetDependency */ = {
			isa = PBXTargetDependency;
			target = 9AD0BD542410292D007CF231 /* WorldTrotter */;
			targetProxy = 9AD0BD7724102933007CF231 /* PBXContainerItemProxy */;
		};
/* End PBXTargetDependency section */

/* Begin PBXVariantGroup section */
		9AD0BD5E2410292D007CF231 /* Main.storyboard */ = {
			isa = PBXVariantGroup;
			children = (
				9AD0BD5F2410292D007CF231 /* Base */,
			);
			name = Main.storyboard;
			sourceTree = "<group>";
		};
		9AD0BD6324102933007CF231 /* LaunchScreen.storyboard */ = {
			isa = PBXVariantGroup;
			children = (
				9AD0BD6424102933007CF231 /* Base */,
			);
			name = LaunchScreen.storyboard;
			sourceTree = "<group>";
		};
/* End PBXVariantGroup section */

/* Begin XCBuildConfiguration section */
		9AD0BD7D24102933007CF231 /* Debug */ = {
			isa = XCBuildConfiguration;
			buildSettings = {
				ALWAYS_SEARCH_USER_PATHS = NO;
				CLANG_ANALYZER_NONNULL = YES;
				CLANG_ANALYZER_NUMBER_OBJECT_CONVERSION = YES_AGGRESSIVE;
				CLANG_CXX_LANGUAGE_STANDARD = "gnu++14";
				CLANG_CXX_LIBRARY = "libc++";
				CLANG_ENABLE_MODULES = YES;
				CLANG_ENABLE_OBJC_ARC = YES;
				CLANG_ENABLE_OBJC_WEAK = YES;
				CLANG_WARN_BLOCK_CAPTURE_AUTORELEASING = YES;
				CLANG_WARN_BOOL_CONVERSION = YES;
				CLANG_WARN_COMMA = YES;
				CLANG_WARN_CONSTANT_CONVERSION = YES;
				CLANG_WARN_DEPRECATED_OBJC_IMPLEMENTATIONS = YES;
				CLANG_WARN_DIRECT_OBJC_ISA_USAGE = YES_ERROR;
				CLANG_WARN_DOCUMENTATION_COMMENTS = YES;
				CLANG_WARN_EMPTY_BODY = YES;
				CLANG_WARN_ENUM_CONVERSION = YES;
				CLANG_WARN_INFINITE_RECURSION = YES;
				CLANG_WARN_INT_CONVERSION = YES;
				CLANG_WARN_NON_LITERAL_NULL_CONVERSION = YES;
				CLANG_WARN_OBJC_IMPLICIT_RETAIN_SELF = YES;
				CLANG_WARN_OBJC_LITERAL_CONVERSION = YES;
				CLANG_WARN_OBJC_ROOT_CLASS = YES_ERROR;
				CLANG_WARN_RANGE_LOOP_ANALYSIS = YES;
				CLANG_WARN_STRICT_PROTOTYPES = YES;
				CLANG_WARN_SUSPICIOUS_MOVE = YES;
				CLANG_WARN_UNGUARDED_AVAILABILITY = YES_AGGRESSIVE;
				CLANG_WARN_UNREACHABLE_CODE = YES;
				CLANG_WARN__DUPLICATE_METHOD_MATCH = YES;
				COPY_PHASE_STRIP = NO;
				DEBUG_INFORMATION_FORMAT = dwarf;
				ENABLE_STRICT_OBJC_MSGSEND = YES;
				ENABLE_TESTABILITY = YES;
				GCC_C_LANGUAGE_STANDARD = gnu11;
				GCC_DYNAMIC_NO_PIC = NO;
				GCC_NO_COMMON_BLOCKS = YES;
				GCC_OPTIMIZATION_LEVEL = 0;
				GCC_PREPROCESSOR_DEFINITIONS = (
					"DEBUG=1",
					"$(inherited)",
				);
				GCC_WARN_64_TO_32_BIT_CONVERSION = YES;
				GCC_WARN_ABOUT_RETURN_TYPE = YES_ERROR;
				GCC_WARN_UNDECLARED_SELECTOR = YES;
				GCC_WARN_UNINITIALIZED_AUTOS = YES_AGGRESSIVE;
				GCC_WARN_UNUSED_FUNCTION = YES;
				GCC_WARN_UNUSED_VARIABLE = YES;
				IPHONEOS_DEPLOYMENT_TARGET = 13.2;
				MTL_ENABLE_DEBUG_INFO = INCLUDE_SOURCE;
				MTL_FAST_MATH = YES;
				ONLY_ACTIVE_ARCH = YES;
				SDKROOT = iphoneos;
				SWIFT_ACTIVE_COMPILATION_CONDITIONS = DEBUG;
				SWIFT_OPTIMIZATION_LEVEL = "-Onone";
			};
			name = Debug;
		};
		9AD0BD7E24102933007CF231 /* Release */ = {
			isa = XCBuildConfiguration;
			buildSettings = {
				ALWAYS_SEARCH_USER_PATHS = NO;
				CLANG_ANALYZER_NONNULL = YES;
				CLANG_ANALYZER_NUMBER_OBJECT_CONVERSION = YES_AGGRESSIVE;
				CLANG_CXX_LANGUAGE_STANDARD = "gnu++14";
				CLANG_CXX_LIBRARY = "libc++";
				CLANG_ENABLE_MODULES = YES;
				CLANG_ENABLE_OBJC_ARC = YES;
				CLANG_ENABLE_OBJC_WEAK = YES;
				CLANG_WARN_BLOCK_CAPTURE_AUTORELEASING = YES;
				CLANG_WARN_BOOL_CONVERSION = YES;
				CLANG_WARN_COMMA = YES;
				CLANG_WARN_CONSTANT_CONVERSION = YES;
				CLANG_WARN_DEPRECATED_OBJC_IMPLEMENTATIONS = YES;
				CLANG_WARN_DIRECT_OBJC_ISA_USAGE = YES_ERROR;
				CLANG_WARN_DOCUMENTATION_COMMENTS = YES;
				CLANG_WARN_EMPTY_BODY = YES;
				CLANG_WARN_ENUM_CONVERSION = YES;
				CLANG_WARN_INFINITE_RECURSION = YES;
				CLANG_WARN_INT_CONVERSION = YES;
				CLANG_WARN_NON_LITERAL_NULL_CONVERSION = YES;
				CLANG_WARN_OBJC_IMPLICIT_RETAIN_SELF = YES;
				CLANG_WARN_OBJC_LITERAL_CONVERSION = YES;
				CLANG_WARN_OBJC_ROOT_CLASS = YES_ERROR;
				CLANG_WARN_RANGE_LOOP_ANALYSIS = YES;
				CLANG_WARN_STRICT_PROTOTYPES = YES;
				CLANG_WARN_SUSPICIOUS_MOVE = YES;
				CLANG_WARN_UNGUARDED_AVAILABILITY = YES_AGGRESSIVE;
				CLANG_WARN_UNREACHABLE_CODE = YES;
				CLANG_WARN__DUPLICATE_METHOD_MATCH = YES;
				COPY_PHASE_STRIP = NO;
				DEBUG_INFORMATION_FORMAT = "dwarf-with-dsym";
				ENABLE_NS_ASSERTIONS = NO;
				ENABLE_STRICT_OBJC_MSGSEND = YES;
				GCC_C_LANGUAGE_STANDARD = gnu11;
				GCC_NO_COMMON_BLOCKS = YES;
				GCC_WARN_64_TO_32_BIT_CONVERSION = YES;
				GCC_WARN_ABOUT_RETURN_TYPE = YES_ERROR;
				GCC_WARN_UNDECLARED_SELECTOR = YES;
				GCC_WARN_UNINITIALIZED_AUTOS = YES_AGGRESSIVE;
				GCC_WARN_UNUSED_FUNCTION = YES;
				GCC_WARN_UNUSED_VARIABLE = YES;
				IPHONEOS_DEPLOYMENT_TARGET = 13.2;
				MTL_ENABLE_DEBUG_INFO = NO;
				MTL_FAST_MATH = YES;
				SDKROOT = iphoneos;
				SWIFT_COMPILATION_MODE = wholemodule;
				SWIFT_OPTIMIZATION_LEVEL = "-O";
				VALIDATE_PRODUCT = YES;
			};
			name = Release;
		};
		9AD0BD8024102933007CF231 /* Debug */ = {
			isa = XCBuildConfiguration;
			buildSettings = {
				ASSETCATALOG_COMPILER_APPICON_NAME = AppIcon;
				CODE_SIGN_STYLE = Automatic;
				INFOPLIST_FILE = WorldTrotter/Info.plist;
				LD_RUNPATH_SEARCH_PATHS = (
					"$(inherited)",
					"@executable_path/Frameworks",
				);
				PRODUCT_BUNDLE_IDENTIFIER = dhbw.WorldTrotter;
				PRODUCT_NAME = "$(TARGET_NAME)";
				SWIFT_VERSION = 5.0;
				TARGETED_DEVICE_FAMILY = "1,2";
			};
			name = Debug;
		};
		9AD0BD8124102933007CF231 /* Release */ = {
			isa = XCBuildConfiguration;
			buildSettings = {
				ASSETCATALOG_COMPILER_APPICON_NAME = AppIcon;
				CODE_SIGN_STYLE = Automatic;
				INFOPLIST_FILE = WorldTrotter/Info.plist;
				LD_RUNPATH_SEARCH_PATHS = (
					"$(inherited)",
					"@executable_path/Frameworks",
				);
				PRODUCT_BUNDLE_IDENTIFIER = dhbw.WorldTrotter;
				PRODUCT_NAME = "$(TARGET_NAME)";
				SWIFT_VERSION = 5.0;
				TARGETED_DEVICE_FAMILY = "1,2";
			};
			name = Release;
		};
		9AD0BD8324102933007CF231 /* Debug */ = {
			isa = XCBuildConfiguration;
			buildSettings = {
				ALWAYS_EMBED_SWIFT_STANDARD_LIBRARIES = YES;
				BUNDLE_LOADER = "$(TEST_HOST)";
				CODE_SIGN_STYLE = Automatic;
				INFOPLIST_FILE = WorldTrotterTests/Info.plist;
				IPHONEOS_DEPLOYMENT_TARGET = 13.2;
				LD_RUNPATH_SEARCH_PATHS = (
					"$(inherited)",
					"@executable_path/Frameworks",
					"@loader_path/Frameworks",
				);
				PRODUCT_BUNDLE_IDENTIFIER = dhbw.WorldTrotterTests;
				PRODUCT_NAME = "$(TARGET_NAME)";
				SWIFT_VERSION = 5.0;
				TARGETED_DEVICE_FAMILY = "1,2";
				TEST_HOST = "$(BUILT_PRODUCTS_DIR)/WorldTrotter.app/WorldTrotter";
			};
			name = Debug;
		};
		9AD0BD8424102933007CF231 /* Release */ = {
			isa = XCBuildConfiguration;
			buildSettings = {
				ALWAYS_EMBED_SWIFT_STANDARD_LIBRARIES = YES;
				BUNDLE_LOADER = "$(TEST_HOST)";
				CODE_SIGN_STYLE = Automatic;
				INFOPLIST_FILE = WorldTrotterTests/Info.plist;
				IPHONEOS_DEPLOYMENT_TARGET = 13.2;
				LD_RUNPATH_SEARCH_PATHS = (
					"$(inherited)",
					"@executable_path/Frameworks",
					"@loader_path/Frameworks",
				);
				PRODUCT_BUNDLE_IDENTIFIER = dhbw.WorldTrotterTests;
				PRODUCT_NAME = "$(TARGET_NAME)";
				SWIFT_VERSION = 5.0;
				TARGETED_DEVICE_FAMILY = "1,2";
				TEST_HOST = "$(BUILT_PRODUCTS_DIR)/WorldTrotter.app/WorldTrotter";
			};
			name = Release;
		};
		9AD0BD8624102933007CF231 /* Debug */ = {
			isa = XCBuildConfiguration;
			buildSettings = {
				ALWAYS_EMBED_SWIFT_STANDARD_LIBRARIES = YES;
				CODE_SIGN_STYLE = Automatic;
				INFOPLIST_FILE = WorldTrotterUITests/Info.plist;
				LD_RUNPATH_SEARCH_PATHS = (
					"$(inherited)",
					"@executable_path/Frameworks",
					"@loader_path/Frameworks",
				);
				PRODUCT_BUNDLE_IDENTIFIER = dhbw.WorldTrotterUITests;
				PRODUCT_NAME = "$(TARGET_NAME)";
				SWIFT_VERSION = 5.0;
				TARGETED_DEVICE_FAMILY = "1,2";
				TEST_TARGET_NAME = WorldTrotter;
			};
			name = Debug;
		};
		9AD0BD8724102933007CF231 /* Release */ = {
			isa = XCBuildConfiguration;
			buildSettings = {
				ALWAYS_EMBED_SWIFT_STANDARD_LIBRARIES = YES;
				CODE_SIGN_STYLE = Automatic;
				INFOPLIST_FILE = WorldTrotterUITests/Info.plist;
				LD_RUNPATH_SEARCH_PATHS = (
					"$(inherited)",
					"@executable_path/Frameworks",
					"@loader_path/Frameworks",
				);
				PRODUCT_BUNDLE_IDENTIFIER = dhbw.WorldTrotterUITests;
				PRODUCT_NAME = "$(TARGET_NAME)";
				SWIFT_VERSION = 5.0;
				TARGETED_DEVICE_FAMILY = "1,2";
				TEST_TARGET_NAME = WorldTrotter;
			};
			name = Release;
		};
/* End XCBuildConfiguration section */

/* Begin XCConfigurationList section */
		9AD0BD502410292D007CF231 /* Build configuration list for PBXProject "WorldTrotter" */ = {
			isa = XCConfigurationList;
			buildConfigurations = (
				9AD0BD7D24102933007CF231 /* Debug */,
				9AD0BD7E24102933007CF231 /* Release */,
			);
			defaultConfigurationIsVisible = 0;
			defaultConfigurationName = Release;
		};
		9AD0BD7F24102933007CF231 /* Build configuration list for PBXNativeTarget "WorldTrotter" */ = {
			isa = XCConfigurationList;
			buildConfigurations = (
				9AD0BD8024102933007CF231 /* Debug */,
				9AD0BD8124102933007CF231 /* Release */,
			);
			defaultConfigurationIsVisible = 0;
			defaultConfigurationName = Release;
		};
		9AD0BD8224102933007CF231 /* Build configuration list for PBXNativeTarget "WorldTrotterTests" */ = {
			isa = XCConfigurationList;
			buildConfigurations = (
				9AD0BD8324102933007CF231 /* Debug */,
				9AD0BD8424102933007CF231 /* Release */,
			);
			defaultConfigurationIsVisible = 0;
			defaultConfigurationName = Release;
		};
		9AD0BD8524102933007CF231 /* Build configuration list for PBXNativeTarget "WorldTrotterUITests" */ = {
			isa = XCConfigurationList;
			buildConfigurations = (
				9AD0BD8624102933007CF231 /* Debug */,
				9AD0BD8724102933007CF231 /* Release */,
			);
			defaultConfigurationIsVisible = 0;
			defaultConfigurationName = Release;
		};
/* End XCConfigurationList section */
	};
	rootObject = 9AD0BD4D2410292D007CF231 /* Project object */;
}
